{
  "version": 4,
  "terraform_version": "1.14.4",
  "serial": 1,
  "lineage": "fb68b229-013c-5fce-8b04-13c5807a1a74",
  "outputs": {
    "kinesis_stream_name": {
      "value": "weather-stream",
      "type": "string"
    }
  },
  "resources": [
    {
      "mode": "managed",
      "type": "aws_kinesis_stream",
      "name": "weather",
      "provider": "provider[\"registry.terraform.io/hashicorp/aws\"]",
      "instances": [
        {
          "schema_version": 1,
          "attributes": {
            "arn": "arn:aws:kinesis:us-east-1:538494149238:stream/weather-stream",
            "encryption_type": "NONE",
            "enforce_consumer_deletion": false,
            "id": "arn:aws:kinesis:us-east-1:538494149238:stream/weather-stream",
            "kms_key_id": "",
            "max_record_size_in_kib": 1024,
            "name": "weather-stream",
            "region": "us-east-1",
            "retention_period": 24,
            "shard_count": 1,
            "shard_level_metrics": [
              "IncomingBytes",
              "IncomingRecords",
              "OutgoingBytes",
              "OutgoingRecords"
            ],
            "stream_mode_details": [
              {
                "stream_mode": "PROVISIONED"
              }
            ],
            "tags": {
              "Project": "weather-streaming"
            },
            "tags_all": {
              "Project": "weather-streaming"
            },
            "timeouts": null
          },
          "sensitive_attributes": [],
          "identity_schema_version": 0,
          "private": "eyJlMmJmYjczMC1lY2FhLTExZTYtOGY4OC0zNDM2M2JjN2M0YzAiOnsiY3JlYXRlIjozMDAwMDAwMDAwMDAsImRlbGV0ZSI6NzIwMDAwMDAwMDAwMCwidXBkYXRlIjo3MjAwMDAwMDAwMDAwfSwic2NoZW1hX3ZlcnNpb24iOiIxIn0="
        }
      ]
    }
  ],
  "check_results": null
}
